
Microsoft Visual Studio Solution File, Format Version 12.00
# Visual Studio Version 17
VisualStudioVersion = 17.0.31903.59
MinimumVisualStudioVersion = 10.0.40219.1
Project("{FAE04EC0-301F-11D3-BF4B-00C04F79EFBC}") = "Showcase.Api", "src\Showcase.Api\Showcase.Api.csproj", "{D8B7DB25-B848-4F1E-A4F0-868D86F153F8}"
EndProject
Project("{FAE04EC0-301F-11D3-BF4B-00C04F79EFBC}") = "Showcase.Domain", "src\Showcase.Domain\Showcase.Domain.csproj", "{7FDAEA6F-B14B-4179-81BC-D9746F74CC37}"
EndProject
Project("{FAE04EC0-301F-11D3-BF4B-00C04F79EFBC}") = "Showcase.Application", "src\Showcase.Application\Showcase.Application.csproj", "{492CCEAB-9C6D-47C4-9C62-00BEF9D506E3}"
EndProject
Project("{FAE04EC0-301F-11D3-BF4B-00C04F79EFBC}") = "Showcase.Infrastructure", "src\Showcase.Infrastructure\Showcase.Infrastructure.csproj", "{0EE3FE5D-3B99-4F7C-8B3E-8F56B8DDF0CD}"
EndProject
Project("{2150E333-8FDC-42A3-9474-1A3956D46DE8}") = "Solution Items", "Solution Items", "{8EC462FD-D22E-90A8-E5CE-7E832BA40C5D}"
	ProjectSection(SolutionItems) = preProject
		global.json = global.json
	EndProjectSection
EndProject
Project("{FAE04EC0-301F-11D3-BF4B-00C04F79EFBC}") = "Showcase.Client", "src\Showcase.Client\Showcase.Client.csproj", "{0686C773-CEEC-DEF9-4659-4C29A6AF561F}"
EndProject
Project("{FAE04EC0-301F-11D3-BF4B-00C04F79EFBC}") = "Showcase.Contracts", "src\Showcase.Contracts\Showcase.Contracts.csproj", "{12149F22-6DA9-46FB-84B7-2978874804C0}"
EndProject
Project("{FAE04EC0-301F-11D3-BF4B-00C04F79EFBC}") = "Showcase.Tests.Unit", "src\Showcase.Tests.Unit\Showcase.Tests.Unit.csproj", "{0499C556-B071-44A7-7ABA-E1DF8342333B}"
EndProject
Project("{FAE04EC0-301F-11D3-BF4B-00C04F79EFBC}") = "Showcase.IntegrationTests", "src\Showcase.IntegrationTests\Showcase.IntegrationTests.csproj", "{5A5A567E-6CBF-F5CD-D768-45F64E2B1704}"
EndProject
Global
	GlobalSection(SolutionConfigurationPlatforms) = preSolution
		Debug|Any CPU = Debug|Any CPU
		Release|Any CPU = Release|Any CPU
	EndGlobalSection
	GlobalSection(ProjectConfigurationPlatforms) = postSolution
		{D8B7DB25-B848-4F1E-A4F0-868D86F153F8}.Debug|Any CPU.ActiveCfg = Debug|Any CPU
		{D8B7DB25-B848-4F1E-A4F0-868D86F153F8}.Debug|Any CPU.Build.0 = Debug|Any CPU
		{D8B7DB25-B848-4F1E-A4F0-868D86F153F8}.Release|Any CPU.ActiveCfg = Release|Any CPU
		{D8B7DB25-B848-4F1E-A4F0-868D86F153F8}.Release|Any CPU.Build.0 = Release|Any CPU
		{7FDAEA6F-B14B-4179-81BC-D9746F74CC37}.Debug|Any CPU.ActiveCfg = Debug|Any CPU
		{7FDAEA6F-B14B-4179-81BC-D9746F74CC37}.Debug|Any CPU.Build.0 = Debug|Any CPU
		{7FDAEA6F-B14B-4179-81BC-D9746F74CC37}.Release|Any CPU.ActiveCfg = Release|Any CPU
		{7FDAEA6F-B14B-4179-81BC-D9746F74CC37}.Release|Any CPU.Build.0 = Release|Any CPU
		{492CCEAB-9C6D-47C4-9C62-00BEF9D506E3}.Debug|Any CPU.ActiveCfg = Debug|Any CPU
		{492CCEAB-9C6D-47C4-9C62-00BEF9D506E3}.Debug|Any CPU.Build.0 = Debug|Any CPU
		{492CCEAB-9C6D-47C4-9C62-00BEF9D506E3}.Release|Any CPU.ActiveCfg = Release|Any CPU
		{492CCEAB-9C6D-47C4-9C62-00BEF9D506E3}.Release|Any CPU.Build.0 = Release|Any CPU
		{0EE3FE5D-3B99-4F7C-8B3E-8F56B8DDF0CD}.Debug|Any CPU.ActiveCfg = Debug|Any CPU
		{0EE3FE5D-3B99-4F7C-8B3E-8F56B8DDF0CD}.Debug|Any CPU.Build.0 = Debug|Any CPU
		{0EE3FE5D-3B99-4F7C-8B3E-8F56B8DDF0CD}.Release|Any CPU.ActiveCfg = Release|Any CPU
		{0EE3FE5D-3B99-4F7C-8B3E-8F56B8DDF0CD}.Release|Any CPU.Build.0 = Release|Any CPU
		{0686C773-CEEC-DEF9-4659-4C29A6AF561F}.Debug|Any CPU.ActiveCfg = Debug|Any CPU
		{0686C773-CEEC-DEF9-4659-4C29A6AF561F}.Debug|Any CPU.Build.0 = Debug|Any CPU
		{0686C773-CEEC-DEF9-4659-4C29A6AF561F}.Release|Any CPU.ActiveCfg = Release|Any CPU
		{0686C773-CEEC-DEF9-4659-4C29A6AF561F}.Release|Any CPU.Build.0 = Release|Any CPU
		{12149F22-6DA9-46FB-84B7-2978874804C0}.Debug|Any CPU.ActiveCfg = Debug|Any CPU
		{12149F22-6DA9-46FB-84B7-2978874804C0}.Debug|Any CPU.Build.0 = Debug|Any CPU
		{12149F22-6DA9-46FB-84B7-2978874804C0}.Release|Any CPU.ActiveCfg = Release|Any CPU
		{12149F22-6DA9-46FB-84B7-2978874804C0}.Release|Any CPU.Build.0 = Release|Any CPU
		{0499C556-B071-44A7-7ABA-E1DF8342333B}.Debug|Any CPU.ActiveCfg = Debug|Any CPU
		{0499C556-B071-44A7-7ABA-E1DF8342333B}.Debug|Any CPU.Build.0 = Debug|Any CPU
		{0499C556-B071-44A7-7ABA-E1DF8342333B}.Release|Any CPU.ActiveCfg = Release|Any CPU
		{0499C556-B071-44A7-7ABA-E1DF8342333B}.Release|Any CPU.Build.0 = Release|Any CPU
		{5A5A567E-6CBF-F5CD-D768-45F64E2B1704}.Debug|Any CPU.ActiveCfg = Debug|Any CPU
		{5A5A567E-6CBF-F5CD-D768-45F64E2B1704}.Debug|Any CPU.Build.0 = Debug|Any CPU
		{5A5A567E-6CBF-F5CD-D768-45F64E2B1704}.Release|Any CPU.ActiveCfg = Release|Any CPU
		{5A5A567E-6CBF-F5CD-D768-45F64E2B1704}.Release|Any CPU.Build.0 = Release|Any CPU
	EndGlobalSection
	GlobalSection(SolutionProperties) = preSolution
		HideSolutionNode = FALSE
	EndGlobalSection
	GlobalSection(ExtensibilityGlobals) = postSolution
		SolutionGuid = {BE97B36F-A5AA-423D-974A-5E3A28B6CA2D}
	EndGlobalSection
EndGlobal
